
Microsoft Visual Studio Solution File, Format Version 12.00
# Visual Studio Version 17
VisualStudioVersion = 17.10.35013.160
MinimumVisualStudioVersion = 10.0.40219.1
Project("{8BC9CEB8-8B4A-11D0-8D11-00A0C91BC942}") = "Project2", "Project2.vcxproj", "{199A1B16-1396-4666-96B8-DECDB510F19E}"
EndProject
Global
	GlobalSection(SolutionConfigurationPlatforms) = preSolution
		Debug|x64 = Debug|x64
		Debug|x86 = Debug|x86
		Release|x64 = Release|x64
		Release|x86 = Release|x86
	EndGlobalSection
	GlobalSection(ProjectConfigurationPlatforms) = postSolution
		{199A1B16-1396-4666-96B8-DECDB510F19E}.Debug|x64.ActiveCfg = Debug|x64
		{199A1B16-1396-4666-96B8-DECDB510F19E}.Debug|x64.Build.0 = Debug|x64
		{199A1B16-1396-4666-96B8-DECDB510F19E}.Debug|x86.ActiveCfg = Debug|Win32
		{199A1B16-1396-4666-96B8-DECDB510F19E}.Debug|x86.Build.0 = Debug|Win32
		{199A1B16-1396-4666-96B8-DECDB510F19E}.Release|x64.ActiveCfg = Release|x64
		{199A1B16-1396-4666-96B8-DECDB510F19E}.Release|x64.Build.0 = Release|x64
		{199A1B16-1396-4666-96B8-DECDB510F19E}.Release|x86.ActiveCfg = Release|Win32
		{199A1B16-1396-4666-96B8-DECDB510F19E}.Release|x86.Build.0 = Release|Win32
	EndGlobalSection
	GlobalSection(SolutionProperties) = preSolution
		HideSolutionNode = FALSE
	EndGlobalSection
	GlobalSection(ExtensibilityGlobals) = postSolution
		SolutionGuid = {5B081DBB-BDD7-4CBF-8251-1830107576A0}
	EndGlobalSection
EndGlobal
